// !$*UTF8*$!
{
	archiveVersion = 1;
	classes = {
	};
	objectVersion = 46;
	objects = {

/* Begin PBXBuildFile section */
		9808C8C41B149B0100D82572 /* DiagonalMatrix.swift in Sources */ = {isa = PBXBuildFile; fileRef = 9808C8C31B149B0100D82572 /* DiagonalMatrix.swift */; };
		9808C8C71B1502BD00D82572 /* Dimensions.swift in Sources */ = {isa = PBXBuildFile; fileRef = 9808C8C61B1502BD00D82572 /* Dimensions.swift */; };
		98109D1C1B236568002AD5C0 /* Divisors.swift in Sources */ = {isa = PBXBuildFile; fileRef = 98109D1B1B236568002AD5C0 /* Divisors.swift */; };
		98109D1E1B23818E002AD5C0 /* DivisorsTests.swift in Sources */ = {isa = PBXBuildFile; fileRef = 98109D1D1B23818E002AD5C0 /* DivisorsTests.swift */; };
		981ED68A1B16496000B190FA /* PermutationMatrix.swift in Sources */ = {isa = PBXBuildFile; fileRef = 981ED6891B16496000B190FA /* PermutationMatrix.swift */; };
		981ED68D1B164B7600B190FA /* Permutation.swift in Sources */ = {isa = PBXBuildFile; fileRef = 981ED68C1B164B7600B190FA /* Permutation.swift */; };
		982E014D1B3403750009E6C7 /* Castable.swift in Sources */ = {isa = PBXBuildFile; fileRef = 982E014C1B3403750009E6C7 /* Castable.swift */; };
		9837B8511B258ED000E6EE1B /* SequenceFunctions.swift in Sources */ = {isa = PBXBuildFile; fileRef = 9837B8501B258ED000E6EE1B /* SequenceFunctions.swift */; };
		9843568F1ACC79F100B988CB /* RandomTests.swift in Sources */ = {isa = PBXBuildFile; fileRef = 9843568E1ACC79F100B988CB /* RandomTests.swift */; };
		986AF3061C13783E00A186B4 /* NumberProperties.swift in Sources */ = {isa = PBXBuildFile; fileRef = 986AF3051C13783E00A186B4 /* NumberProperties.swift */; };
		986AF3081C13858E00A186B4 /* NumberPropertiesTests.swift in Sources */ = {isa = PBXBuildFile; fileRef = 986AF3071C13858E00A186B4 /* NumberPropertiesTests.swift */; };
		9885B2C41B1C47600028FC9A /* Parity.swift in Sources */ = {isa = PBXBuildFile; fileRef = 9885B2C31B1C47600028FC9A /* Parity.swift */; };
		988882CF1CDBA79D007B0E19 /* Graph.swift in Sources */ = {isa = PBXBuildFile; fileRef = 988882CE1CDBA79D007B0E19 /* Graph.swift */; };
		988882D21CDBC9C6007B0E19 /* GraphTests.swift in Sources */ = {isa = PBXBuildFile; fileRef = 988882D11CDBC9C6007B0E19 /* GraphTests.swift */; };
		989729431B18B0550046D951 /* PermutationTest.swift in Sources */ = {isa = PBXBuildFile; fileRef = 989729421B18B0550046D951 /* PermutationTest.swift */; };
		98AB21051CC814780005C280 /* Fraction.swift in Sources */ = {isa = PBXBuildFile; fileRef = 98AB21041CC814780005C280 /* Fraction.swift */; };
		98AB21701CCA65270005C280 /* BigFloat.h in Headers */ = {isa = PBXBuildFile; fileRef = 98AB216E1CCA65270005C280 /* BigFloat.h */; settings = {ATTRIBUTES = (Public, ); }; };
		98AB21711CCA65270005C280 /* BigFloat.m in Sources */ = {isa = PBXBuildFile; fileRef = 98AB216F1CCA65270005C280 /* BigFloat.m */; };
		98AB21731CCAB6D10005C280 /* BigFloat.swift in Sources */ = {isa = PBXBuildFile; fileRef = 98AB21721CCAB6D10005C280 /* BigFloat.swift */; };
		98B546EF1B33305D00360F0D /* Random.swift in Sources */ = {isa = PBXBuildFile; fileRef = 98B546EE1B33305D00360F0D /* Random.swift */; };
		98B546F21B3330EA00360F0D /* Constants.swift in Sources */ = {isa = PBXBuildFile; fileRef = 98B546F11B3330EA00360F0D /* Constants.swift */; };
		98B546F41B33313600360F0D /* BasicOperations.swift in Sources */ = {isa = PBXBuildFile; fileRef = 98B546F31B33313600360F0D /* BasicOperations.swift */; };
		98B546F61B33319E00360F0D /* Powerable.swift in Sources */ = {isa = PBXBuildFile; fileRef = 98B546F51B33319E00360F0D /* Powerable.swift */; };
		98B546F81B3331E500360F0D /* Conjugatable.swift in Sources */ = {isa = PBXBuildFile; fileRef = 98B546F71B3331E500360F0D /* Conjugatable.swift */; };
		98B927461B277F70006C4C73 /* SequenceFunctionsTests.swift in Sources */ = {isa = PBXBuildFile; fileRef = 98B927451B277F70006C4C73 /* SequenceFunctionsTests.swift */; };
		98DE55DF1C201B7D00DBD3D6 /* BigIntTests.swift in Sources */ = {isa = PBXBuildFile; fileRef = 98DE55DE1C201B7D00DBD3D6 /* BigIntTests.swift */; };
		98E25E411B19DE6D008435B7 /* Random.h in Headers */ = {isa = PBXBuildFile; fileRef = 98E25E3F1B19DE6D008435B7 /* Random.h */; settings = {ATTRIBUTES = (Public, ); }; };
		98E25E421B19DE6D008435B7 /* Random.m in Sources */ = {isa = PBXBuildFile; fileRef = 98E25E401B19DE6D008435B7 /* Random.m */; };
		98E25E461B19DE88008435B7 /* Matrix.h in Headers */ = {isa = PBXBuildFile; fileRef = 98E25E441B19DE88008435B7 /* Matrix.h */; settings = {ATTRIBUTES = (Public, ); }; };
		98E25E471B19DE88008435B7 /* Matrix.m in Sources */ = {isa = PBXBuildFile; fileRef = 98E25E451B19DE88008435B7 /* Matrix.m */; };
		98E671721AA8C02100C88DCE /* Prime.swift in Sources */ = {isa = PBXBuildFile; fileRef = 98E671711AA8C02100C88DCE /* Prime.swift */; };
		98E671751AA8C4B400C88DCE /* PrimeTests.swift in Sources */ = {isa = PBXBuildFile; fileRef = 98E671741AA8C4B400C88DCE /* PrimeTests.swift */; };
		98E671771AA8F00600C88DCE /* Complex.swift in Sources */ = {isa = PBXBuildFile; fileRef = 98E671761AA8F00600C88DCE /* Complex.swift */; };
		98E6717A1AA99AB500C88DCE /* ComplexTests.swift in Sources */ = {isa = PBXBuildFile; fileRef = 98E671791AA99AB500C88DCE /* ComplexTests.swift */; };
		98E743AB1C1E00EF00B43898 /* libgmp.10.dylib in Frameworks */ = {isa = PBXBuildFile; fileRef = 98E743A51C1E00EF00B43898 /* libgmp.10.dylib */; };
		98E743AC1C1E00EF00B43898 /* libgmp.a in Frameworks */ = {isa = PBXBuildFile; fileRef = 98E743A61C1E00EF00B43898 /* libgmp.a */; };
		98E743AD1C1E00EF00B43898 /* libgmp.dylib in Frameworks */ = {isa = PBXBuildFile; fileRef = 98E743A71C1E00EF00B43898 /* libgmp.dylib */; };
		98E743AE1C1E00EF00B43898 /* libgmpxx.4.dylib in Frameworks */ = {isa = PBXBuildFile; fileRef = 98E743A81C1E00EF00B43898 /* libgmpxx.4.dylib */; };
		98E743AF1C1E00EF00B43898 /* libgmpxx.a in Frameworks */ = {isa = PBXBuildFile; fileRef = 98E743A91C1E00EF00B43898 /* libgmpxx.a */; };
		98E743B01C1E00EF00B43898 /* libgmpxx.dylib in Frameworks */ = {isa = PBXBuildFile; fileRef = 98E743AA1C1E00EF00B43898 /* libgmpxx.dylib */; };
		98E743B31C1E014100B43898 /* gmp.h in Headers */ = {isa = PBXBuildFile; fileRef = 98E743B11C1E014100B43898 /* gmp.h */; settings = {ATTRIBUTES = (Public, ); }; };
		98E743B41C1E014100B43898 /* gmpxx.h in Headers */ = {isa = PBXBuildFile; fileRef = 98E743B21C1E014100B43898 /* gmpxx.h */; };
		98E743B71C1E109600B43898 /* BigInt.swift in Sources */ = {isa = PBXBuildFile; fileRef = 98E743B61C1E109600B43898 /* BigInt.swift */; };
		98E743BA1C1F36E000B43898 /* BigInt.h in Headers */ = {isa = PBXBuildFile; fileRef = 98E743B81C1F36E000B43898 /* BigInt.h */; settings = {ATTRIBUTES = (Public, ); }; };
		98E743BB1C1F36E000B43898 /* BigInt.m in Sources */ = {isa = PBXBuildFile; fileRef = 98E743B91C1F36E000B43898 /* BigInt.m */; };
		98EE53DB1CC2C11700A50DDB /* BigFrac.h in Headers */ = {isa = PBXBuildFile; fileRef = 98EE53DA1CC2C11700A50DDB /* BigFrac.h */; settings = {ATTRIBUTES = (Public, ); }; };
		98EE53DD1CC2C12200A50DDB /* BigFrac.m in Sources */ = {isa = PBXBuildFile; fileRef = 98EE53DC1CC2C12200A50DDB /* BigFrac.m */; };
		98EE53E01CC2C68D00A50DDB /* BigFrac.swift in Sources */ = {isa = PBXBuildFile; fileRef = 98EE53DE1CC2C13200A50DDB /* BigFrac.swift */; };
		98F558841B1AFBC2009AECD5 /* Cycle.swift in Sources */ = {isa = PBXBuildFile; fileRef = 98F558831B1AFBC2009AECD5 /* Cycle.swift */; };
		98F558881B1B10B8009AECD5 /* CycleTest.swift in Sources */ = {isa = PBXBuildFile; fileRef = 98F558871B1B10B8009AECD5 /* CycleTest.swift */; };
		98F5588D1B1B92C4009AECD5 /* ArrayGenerators.swift in Sources */ = {isa = PBXBuildFile; fileRef = 98F5588C1B1B92C4009AECD5 /* ArrayGenerators.swift */; };
		98F5588F1B1B94AE009AECD5 /* ArrayGeneratorsTests.swift in Sources */ = {isa = PBXBuildFile; fileRef = 98F5588E1B1B94AE009AECD5 /* ArrayGeneratorsTests.swift */; };
		98F598511A7B8BD20058DF53 /* MathEagle.h in Headers */ = {isa = PBXBuildFile; fileRef = 98F598501A7B8BD20058DF53 /* MathEagle.h */; settings = {ATTRIBUTES = (Public, ); }; };
		98F598571A7B8BD20058DF53 /* MathEagle.framework in Frameworks */ = {isa = PBXBuildFile; fileRef = 98F5984B1A7B8BD20058DF53 /* MathEagle.framework */; };
		98F598701A7B8BED0058DF53 /* Math.swift in Sources */ = {isa = PBXBuildFile; fileRef = 98F598671A7B8BED0058DF53 /* Math.swift */; };
		98F598721A7B8BED0058DF53 /* Extensions.swift in Sources */ = {isa = PBXBuildFile; fileRef = 98F598681A7B8BED0058DF53 /* Extensions.swift */; };
		98F598741A7B8BED0058DF53 /* Functions.swift in Sources */ = {isa = PBXBuildFile; fileRef = 98F598691A7B8BED0058DF53 /* Functions.swift */; };
		98F598761A7B8BED0058DF53 /* Solver.swift in Sources */ = {isa = PBXBuildFile; fileRef = 98F5986A1A7B8BED0058DF53 /* Solver.swift */; };
		98F598781A7B8BED0058DF53 /* Optimization.swift in Sources */ = {isa = PBXBuildFile; fileRef = 98F5986B1A7B8BED0058DF53 /* Optimization.swift */; };
		98F5987A1A7B8BED0058DF53 /* Integration.swift in Sources */ = {isa = PBXBuildFile; fileRef = 98F5986C1A7B8BED0058DF53 /* Integration.swift */; };
		98F5987C1A7B8BED0058DF53 /* Matrix.swift in Sources */ = {isa = PBXBuildFile; fileRef = 98F5986D1A7B8BED0058DF53 /* Matrix.swift */; };
		98F5987E1A7B8BED0058DF53 /* MatrixVector.swift in Sources */ = {isa = PBXBuildFile; fileRef = 98F5986E1A7B8BED0058DF53 /* MatrixVector.swift */; };
		98F598801A7B8BED0058DF53 /* Vector.swift in Sources */ = {isa = PBXBuildFile; fileRef = 98F5986F1A7B8BED0058DF53 /* Vector.swift */; };
		98F598901A7B8C2A0058DF53 /* MathTests.swift in Sources */ = {isa = PBXBuildFile; fileRef = 98F598841A7B8C2A0058DF53 /* MathTests.swift */; };
		98F598921A7B8C2A0058DF53 /* ExtensionsTests.swift in Sources */ = {isa = PBXBuildFile; fileRef = 98F598851A7B8C2A0058DF53 /* ExtensionsTests.swift */; };
		98F598941A7B8C2A0058DF53 /* FunctionsTests.swift in Sources */ = {isa = PBXBuildFile; fileRef = 98F598861A7B8C2A0058DF53 /* FunctionsTests.swift */; };
		98F598961A7B8C2A0058DF53 /* SolverTests.swift in Sources */ = {isa = PBXBuildFile; fileRef = 98F598871A7B8C2A0058DF53 /* SolverTests.swift */; };
		98F598981A7B8C2A0058DF53 /* OptimizationTests.swift in Sources */ = {isa = PBXBuildFile; fileRef = 98F598881A7B8C2A0058DF53 /* OptimizationTests.swift */; };
		98F5989A1A7B8C2A0058DF53 /* IntegrationTests.swift in Sources */ = {isa = PBXBuildFile; fileRef = 98F598891A7B8C2A0058DF53 /* IntegrationTests.swift */; };
		98F598A01A7B8C2A0058DF53 /* Helper.swift in Sources */ = {isa = PBXBuildFile; fileRef = 98F5988C1A7B8C2A0058DF53 /* Helper.swift */; };
		E108D5482111590D002EB275 /* MatrixVectorTests.swift in Sources */ = {isa = PBXBuildFile; fileRef = E108D534211158F7002EB275 /* MatrixVectorTests.swift */; };
		E108D54921115915002EB275 /* VectorTests.swift in Sources */ = {isa = PBXBuildFile; fileRef = E108D542211158F7002EB275 /* VectorTests.swift */; };
		E108D54A21115919002EB275 /* MatrixTests.swift in Sources */ = {isa = PBXBuildFile; fileRef = E108D543211158F7002EB275 /* MatrixTests.swift */; };
		E108D54B2111591D002EB275 /* PermutationMatrixTests.swift in Sources */ = {isa = PBXBuildFile; fileRef = E108D544211158F7002EB275 /* PermutationMatrixTests.swift */; };
		E108D54C21115920002EB275 /* DiagonalMatrixTests.swift in Sources */ = {isa = PBXBuildFile; fileRef = E108D545211158F7002EB275 /* DiagonalMatrixTests.swift */; };
		E175DDEC21115B9D008672C8 /* BasicOperationsTests.swift in Sources */ = {isa = PBXBuildFile; fileRef = E175DDEB21115B9D008672C8 /* BasicOperationsTests.swift */; };
		E1DFFD842112B97100653D81 /* BigFloatTests.swift in Sources */ = {isa = PBXBuildFile; fileRef = E1DFFD832112B97100653D81 /* BigFloatTests.swift */; };
		E1DFFD862112B98800653D81 /* BigFracTests.swift in Sources */ = {isa = PBXBuildFile; fileRef = E1DFFD852112B98800653D81 /* BigFracTests.swift */; };
		E1E59D57211234F500A4F277 /* PowerableTests.swift in Sources */ = {isa = PBXBuildFile; fileRef = E1E59D56211234F500A4F277 /* PowerableTests.swift */; };
		E1E59D5921123C3B00A4F277 /* ParityTests.swift in Sources */ = {isa = PBXBuildFile; fileRef = E1E59D5821123C3B00A4F277 /* ParityTests.swift */; };
		E1EAD7732111682C00815437 /* CastableTests.swift in Sources */ = {isa = PBXBuildFile; fileRef = E1EAD7722111682C00815437 /* CastableTests.swift */; };
		E1EAD77521116DE800815437 /* ConjugatableTests.swift in Sources */ = {isa = PBXBuildFile; fileRef = E1EAD77421116DE800815437 /* ConjugatableTests.swift */; };
		E1EAD77721116F7400815437 /* FractionTests.swift in Sources */ = {isa = PBXBuildFile; fileRef = E1EAD77621116F7400815437 /* FractionTests.swift */; };
/* End PBXBuildFile section */

/* Begin PBXContainerItemProxy section */
		98F598581A7B8BD20058DF53 /* PBXContainerItemProxy */ = {
			isa = PBXContainerItemProxy;
			containerPortal = 98F598421A7B8BD20058DF53 /* Project object */;
			proxyType = 1;
			remoteGlobalIDString = 98F5984A1A7B8BD20058DF53;
			remoteInfo = MathEagle;
		};
/* End PBXContainerItemProxy section */

/* Begin PBXFileReference section */
		9808C8C31B149B0100D82572 /* DiagonalMatrix.swift */ = {isa = PBXFileReference; fileEncoding = 4; lastKnownFileType = sourcecode.swift; name = DiagonalMatrix.swift; path = "Sources/Linear Algebra/DiagonalMatrix.swift"; sourceTree = "<group>"; };
		9808C8C61B1502BD00D82572 /* Dimensions.swift */ = {isa = PBXFileReference; fileEncoding = 4; lastKnownFileType = sourcecode.swift; name = Dimensions.swift; path = "Sources/Linear Algebra/Dimensions.swift"; sourceTree = "<group>"; };
		98109D1B1B236568002AD5C0 /* Divisors.swift */ = {isa = PBXFileReference; fileEncoding = 4; lastKnownFileType = sourcecode.swift; name = Divisors.swift; path = Sources/Divisors.swift; sourceTree = "<group>"; };
		98109D1D1B23818E002AD5C0 /* DivisorsTests.swift */ = {isa = PBXFileReference; fileEncoding = 4; lastKnownFileType = sourcecode.swift; path = DivisorsTests.swift; sourceTree = "<group>"; };
		981ED6891B16496000B190FA /* PermutationMatrix.swift */ = {isa = PBXFileReference; fileEncoding = 4; lastKnownFileType = sourcecode.swift; name = PermutationMatrix.swift; path = "Sources/Linear Algebra/PermutationMatrix.swift"; sourceTree = "<group>"; };
		981ED68C1B164B7600B190FA /* Permutation.swift */ = {isa = PBXFileReference; fileEncoding = 4; lastKnownFileType = sourcecode.swift; name = Permutation.swift; path = Sources/Permutation.swift; sourceTree = "<group>"; };
		982E014C1B3403750009E6C7 /* Castable.swift */ = {isa = PBXFileReference; fileEncoding = 4; lastKnownFileType = sourcecode.swift; name = Castable.swift; path = Sources/Castable.swift; sourceTree = "<group>"; };
		9837B8501B258ED000E6EE1B /* SequenceFunctions.swift */ = {isa = PBXFileReference; fileEncoding = 4; lastKnownFileType = sourcecode.swift; name = SequenceFunctions.swift; path = Sources/SequenceFunctions.swift; sourceTree = "<group>"; };
		9843568E1ACC79F100B988CB /* RandomTests.swift */ = {isa = PBXFileReference; fileEncoding = 4; lastKnownFileType = sourcecode.swift; path = RandomTests.swift; sourceTree = "<group>"; };
		986AF3051C13783E00A186B4 /* NumberProperties.swift */ = {isa = PBXFileReference; fileEncoding = 4; lastKnownFileType = sourcecode.swift; name = NumberProperties.swift; path = Sources/NumberProperties.swift; sourceTree = "<group>"; };
		986AF3071C13858E00A186B4 /* NumberPropertiesTests.swift */ = {isa = PBXFileReference; fileEncoding = 4; lastKnownFileType = sourcecode.swift; path = NumberPropertiesTests.swift; sourceTree = "<group>"; };
		9885B2C31B1C47600028FC9A /* Parity.swift */ = {isa = PBXFileReference; fileEncoding = 4; lastKnownFileType = sourcecode.swift; name = Parity.swift; path = Sources/Parity.swift; sourceTree = "<group>"; };
		988882CE1CDBA79D007B0E19 /* Graph.swift */ = {isa = PBXFileReference; fileEncoding = 4; lastKnownFileType = sourcecode.swift; name = Graph.swift; path = MathEagleTests/Graphs/Graph.swift; sourceTree = SOURCE_ROOT; };
		988882D11CDBC9C6007B0E19 /* GraphTests.swift */ = {isa = PBXFileReference; fileEncoding = 4; lastKnownFileType = sourcecode.swift; name = GraphTests.swift; path = Graphs/GraphTests.swift; sourceTree = "<group>"; };
		989729421B18B0550046D951 /* PermutationTest.swift */ = {isa = PBXFileReference; fileEncoding = 4; lastKnownFileType = sourcecode.swift; path = PermutationTest.swift; sourceTree = "<group>"; };
		98AB21041CC814780005C280 /* Fraction.swift */ = {isa = PBXFileReference; fileEncoding = 4; lastKnownFileType = sourcecode.swift; name = Fraction.swift; path = Sources/Fraction.swift; sourceTree = "<group>"; };
		98AB216E1CCA65270005C280 /* BigFloat.h */ = {isa = PBXFileReference; fileEncoding = 4; lastKnownFileType = sourcecode.c.h; name = BigFloat.h; path = "Big Float/BigFloat.h"; sourceTree = "<group>"; };
		98AB216F1CCA65270005C280 /* BigFloat.m */ = {isa = PBXFileReference; fileEncoding = 4; lastKnownFileType = sourcecode.c.objc; name = BigFloat.m; path = "Big Float/BigFloat.m"; sourceTree = "<group>"; };
		98AB21721CCAB6D10005C280 /* BigFloat.swift */ = {isa = PBXFileReference; fileEncoding = 4; lastKnownFileType = sourcecode.swift; name = BigFloat.swift; path = "Big Float/BigFloat.swift"; sourceTree = "<group>"; };
		98B546EE1B33305D00360F0D /* Random.swift */ = {isa = PBXFileReference; fileEncoding = 4; lastKnownFileType = sourcecode.swift; name = Random.swift; path = Sources/Random.swift; sourceTree = "<group>"; };
		98B546F11B3330EA00360F0D /* Constants.swift */ = {isa = PBXFileReference; fileEncoding = 4; lastKnownFileType = sourcecode.swift; name = Constants.swift; path = Sources/Constants.swift; sourceTree = "<group>"; };
		98B546F31B33313600360F0D /* BasicOperations.swift */ = {isa = PBXFileReference; fileEncoding = 4; lastKnownFileType = sourcecode.swift; name = BasicOperations.swift; path = Sources/BasicOperations.swift; sourceTree = "<group>"; };
		98B546F51B33319E00360F0D /* Powerable.swift */ = {isa = PBXFileReference; fileEncoding = 4; lastKnownFileType = sourcecode.swift; name = Powerable.swift; path = Sources/Powerable.swift; sourceTree = "<group>"; };
		98B546F71B3331E500360F0D /* Conjugatable.swift */ = {isa = PBXFileReference; fileEncoding = 4; lastKnownFileType = sourcecode.swift; name = Conjugatable.swift; path = Sources/Conjugatable.swift; sourceTree = "<group>"; };
		98B927451B277F70006C4C73 /* SequenceFunctionsTests.swift */ = {isa = PBXFileReference; fileEncoding = 4; lastKnownFileType = sourcecode.swift; path = SequenceFunctionsTests.swift; sourceTree = "<group>"; };
		98DE55DE1C201B7D00DBD3D6 /* BigIntTests.swift */ = {isa = PBXFileReference; fileEncoding = 4; lastKnownFileType = sourcecode.swift; path = BigIntTests.swift; sourceTree = "<group>"; };
		98E25E3F1B19DE6D008435B7 /* Random.h */ = {isa = PBXFileReference; fileEncoding = 4; lastKnownFileType = sourcecode.c.h; name = Random.h; path = Sources/Random.h; sourceTree = "<group>"; };
		98E25E401B19DE6D008435B7 /* Random.m */ = {isa = PBXFileReference; fileEncoding = 4; lastKnownFileType = sourcecode.c.objc; name = Random.m; path = Sources/Random.m; sourceTree = "<group>"; };
		98E25E441B19DE88008435B7 /* Matrix.h */ = {isa = PBXFileReference; fileEncoding = 4; lastKnownFileType = sourcecode.c.h; name = Matrix.h; path = "Sources/Linear Algebra/Matrix.h"; sourceTree = "<group>"; };
		98E25E451B19DE88008435B7 /* Matrix.m */ = {isa = PBXFileReference; fileEncoding = 4; lastKnownFileType = sourcecode.c.objc; name = Matrix.m; path = "Sources/Linear Algebra/Matrix.m"; sourceTree = "<group>"; };
		98E671711AA8C02100C88DCE /* Prime.swift */ = {isa = PBXFileReference; fileEncoding = 4; lastKnownFileType = sourcecode.swift; name = Prime.swift; path = Sources/Prime.swift; sourceTree = "<group>"; };
		98E671741AA8C4B400C88DCE /* PrimeTests.swift */ = {isa = PBXFileReference; fileEncoding = 4; lastKnownFileType = sourcecode.swift; path = PrimeTests.swift; sourceTree = "<group>"; };
		98E671761AA8F00600C88DCE /* Complex.swift */ = {isa = PBXFileReference; fileEncoding = 4; lastKnownFileType = sourcecode.swift; name = Complex.swift; path = Sources/Complex.swift; sourceTree = "<group>"; };
		98E671791AA99AB500C88DCE /* ComplexTests.swift */ = {isa = PBXFileReference; fileEncoding = 4; lastKnownFileType = sourcecode.swift; path = ComplexTests.swift; sourceTree = "<group>"; };
		98E743A51C1E00EF00B43898 /* libgmp.10.dylib */ = {isa = PBXFileReference; lastKnownFileType = "compiled.mach-o.dylib"; path = libgmp.10.dylib; sourceTree = "<group>"; };
		98E743A61C1E00EF00B43898 /* libgmp.a */ = {isa = PBXFileReference; lastKnownFileType = archive.ar; path = libgmp.a; sourceTree = "<group>"; };
		98E743A71C1E00EF00B43898 /* libgmp.dylib */ = {isa = PBXFileReference; lastKnownFileType = "compiled.mach-o.dylib"; path = libgmp.dylib; sourceTree = "<group>"; };
		98E743A81C1E00EF00B43898 /* libgmpxx.4.dylib */ = {isa = PBXFileReference; lastKnownFileType = "compiled.mach-o.dylib"; path = libgmpxx.4.dylib; sourceTree = "<group>"; };
		98E743A91C1E00EF00B43898 /* libgmpxx.a */ = {isa = PBXFileReference; lastKnownFileType = archive.ar; path = libgmpxx.a; sourceTree = "<group>"; };
		98E743AA1C1E00EF00B43898 /* libgmpxx.dylib */ = {isa = PBXFileReference; lastKnownFileType = "compiled.mach-o.dylib"; path = libgmpxx.dylib; sourceTree = "<group>"; };
		98E743B11C1E014100B43898 /* gmp.h */ = {isa = PBXFileReference; fileEncoding = 4; lastKnownFileType = sourcecode.c.h; path = gmp.h; sourceTree = "<group>"; };
		98E743B21C1E014100B43898 /* gmpxx.h */ = {isa = PBXFileReference; fileEncoding = 4; lastKnownFileType = sourcecode.c.h; path = gmpxx.h; sourceTree = "<group>"; };
		98E743B61C1E109600B43898 /* BigInt.swift */ = {isa = PBXFileReference; fileEncoding = 4; lastKnownFileType = sourcecode.swift; path = BigInt.swift; sourceTree = "<group>"; };
		98E743B81C1F36E000B43898 /* BigInt.h */ = {isa = PBXFileReference; fileEncoding = 4; lastKnownFileType = sourcecode.c.h; path = BigInt.h; sourceTree = "<group>"; };
		98E743B91C1F36E000B43898 /* BigInt.m */ = {isa = PBXFileReference; fileEncoding = 4; lastKnownFileType = sourcecode.c.objc; path = BigInt.m; sourceTree = "<group>"; };
		98EE53DA1CC2C11700A50DDB /* BigFrac.h */ = {isa = PBXFileReference; fileEncoding = 4; lastKnownFileType = sourcecode.c.h; name = BigFrac.h; path = "Big Fraction/BigFrac.h"; sourceTree = "<group>"; };
		98EE53DC1CC2C12200A50DDB /* BigFrac.m */ = {isa = PBXFileReference; fileEncoding = 4; lastKnownFileType = sourcecode.c.objc; name = BigFrac.m; path = "Big Fraction/BigFrac.m"; sourceTree = "<group>"; };
		98EE53DE1CC2C13200A50DDB /* BigFrac.swift */ = {isa = PBXFileReference; fileEncoding = 4; lastKnownFileType = sourcecode.swift; name = BigFrac.swift; path = "Big Fraction/BigFrac.swift"; sourceTree = "<group>"; };
		98F558831B1AFBC2009AECD5 /* Cycle.swift */ = {isa = PBXFileReference; fileEncoding = 4; lastKnownFileType = sourcecode.swift; name = Cycle.swift; path = Sources/Cycle.swift; sourceTree = "<group>"; };
		98F558871B1B10B8009AECD5 /* CycleTest.swift */ = {isa = PBXFileReference; fileEncoding = 4; lastKnownFileType = sourcecode.swift; path = CycleTest.swift; sourceTree = "<group>"; };
		98F5588C1B1B92C4009AECD5 /* ArrayGenerators.swift */ = {isa = PBXFileReference; fileEncoding = 4; lastKnownFileType = sourcecode.swift; name = ArrayGenerators.swift; path = Sources/ArrayGenerators.swift; sourceTree = "<group>"; };
		98F5588E1B1B94AE009AECD5 /* ArrayGeneratorsTests.swift */ = {isa = PBXFileReference; fileEncoding = 4; lastKnownFileType = sourcecode.swift; path = ArrayGeneratorsTests.swift; sourceTree = "<group>"; };
		98F5984B1A7B8BD20058DF53 /* MathEagle.framework */ = {isa = PBXFileReference; explicitFileType = wrapper.framework; includeInIndex = 0; path = MathEagle.framework; sourceTree = BUILT_PRODUCTS_DIR; };
		98F5984F1A7B8BD20058DF53 /* Info.plist */ = {isa = PBXFileReference; lastKnownFileType = text.plist.xml; path = Info.plist; sourceTree = "<group>"; };
		98F598501A7B8BD20058DF53 /* MathEagle.h */ = {isa = PBXFileReference; lastKnownFileType = sourcecode.c.h; path = MathEagle.h; sourceTree = "<group>"; };
		98F598561A7B8BD20058DF53 /* MathEagleTests.xctest */ = {isa = PBXFileReference; explicitFileType = wrapper.cfbundle; includeInIndex = 0; path = MathEagleTests.xctest; sourceTree = BUILT_PRODUCTS_DIR; };
		98F5985C1A7B8BD20058DF53 /* Info.plist */ = {isa = PBXFileReference; lastKnownFileType = text.plist.xml; path = Info.plist; sourceTree = "<group>"; };
		98F598671A7B8BED0058DF53 /* Math.swift */ = {isa = PBXFileReference; fileEncoding = 4; lastKnownFileType = sourcecode.swift; name = Math.swift; path = Sources/Math.swift; sourceTree = "<group>"; };
		98F598681A7B8BED0058DF53 /* Extensions.swift */ = {isa = PBXFileReference; fileEncoding = 4; lastKnownFileType = sourcecode.swift; name = Extensions.swift; path = Sources/Extensions.swift; sourceTree = "<group>"; };
		98F598691A7B8BED0058DF53 /* Functions.swift */ = {isa = PBXFileReference; fileEncoding = 4; lastKnownFileType = sourcecode.swift; name = Functions.swift; path = Sources/Functions.swift; sourceTree = "<group>"; };
		98F5986A1A7B8BED0058DF53 /* Solver.swift */ = {isa = PBXFileReference; fileEncoding = 4; lastKnownFileType = sourcecode.swift; name = Solver.swift; path = Sources/Solver.swift; sourceTree = "<group>"; };
		98F5986B1A7B8BED0058DF53 /* Optimization.swift */ = {isa = PBXFileReference; fileEncoding = 4; lastKnownFileType = sourcecode.swift; name = Optimization.swift; path = Sources/Optimization.swift; sourceTree = "<group>"; };
		98F5986C1A7B8BED0058DF53 /* Integration.swift */ = {isa = PBXFileReference; fileEncoding = 4; lastKnownFileType = sourcecode.swift; name = Integration.swift; path = Sources/Integration.swift; sourceTree = "<group>"; };
		98F5986D1A7B8BED0058DF53 /* Matrix.swift */ = {isa = PBXFileReference; fileEncoding = 4; lastKnownFileType = sourcecode.swift; name = Matrix.swift; path = "Sources/Linear Algebra/Matrix.swift"; sourceTree = "<group>"; };
		98F5986E1A7B8BED0058DF53 /* MatrixVector.swift */ = {isa = PBXFileReference; fileEncoding = 4; lastKnownFileType = sourcecode.swift; name = MatrixVector.swift; path = "Sources/Linear Algebra/MatrixVector.swift"; sourceTree = "<group>"; };
		98F5986F1A7B8BED0058DF53 /* Vector.swift */ = {isa = PBXFileReference; fileEncoding = 4; lastKnownFileType = sourcecode.swift; name = Vector.swift; path = "Sources/Linear Algebra/Vector.swift"; sourceTree = "<group>"; };
		98F598841A7B8C2A0058DF53 /* MathTests.swift */ = {isa = PBXFileReference; fileEncoding = 4; lastKnownFileType = sourcecode.swift; path = MathTests.swift; sourceTree = "<group>"; };
		98F598851A7B8C2A0058DF53 /* ExtensionsTests.swift */ = {isa = PBXFileReference; fileEncoding = 4; lastKnownFileType = sourcecode.swift; path = ExtensionsTests.swift; sourceTree = "<group>"; };
		98F598861A7B8C2A0058DF53 /* FunctionsTests.swift */ = {isa = PBXFileReference; fileEncoding = 4; lastKnownFileType = sourcecode.swift; path = FunctionsTests.swift; sourceTree = "<group>"; };
		98F598871A7B8C2A0058DF53 /* SolverTests.swift */ = {isa = PBXFileReference; fileEncoding = 4; lastKnownFileType = sourcecode.swift; path = SolverTests.swift; sourceTree = "<group>"; };
		98F598881A7B8C2A0058DF53 /* OptimizationTests.swift */ = {isa = PBXFileReference; fileEncoding = 4; lastKnownFileType = sourcecode.swift; path = OptimizationTests.swift; sourceTree = "<group>"; };
		98F598891A7B8C2A0058DF53 /* IntegrationTests.swift */ = {isa = PBXFileReference; fileEncoding = 4; lastKnownFileType = sourcecode.swift; path = IntegrationTests.swift; sourceTree = "<group>"; };
		98F5988C1A7B8C2A0058DF53 /* Helper.swift */ = {isa = PBXFileReference; fileEncoding = 4; lastKnownFileType = sourcecode.swift; path = Helper.swift; sourceTree = "<group>"; };
		E108D534211158F7002EB275 /* MatrixVectorTests.swift */ = {isa = PBXFileReference; lastKnownFileType = sourcecode.swift; path = MatrixVectorTests.swift; sourceTree = "<group>"; };
		E108D535211158F7002EB275 /* VectorAddition.py */ = {isa = PBXFileReference; lastKnownFileType = text.script.python; path = VectorAddition.py; sourceTree = "<group>"; };
		E108D536211158F7002EB275 /* VectorScalarMultiplication.py */ = {isa = PBXFileReference; lastKnownFileType = text.script.python; path = VectorScalarMultiplication.py; sourceTree = "<group>"; };
		E108D537211158F7002EB275 /* VectorSubtraction.py */ = {isa = PBXFileReference; lastKnownFileType = text.script.python; path = VectorSubtraction.py; sourceTree = "<group>"; };
		E108D538211158F7002EB275 /* VectorNegation.py */ = {isa = PBXFileReference; lastKnownFileType = text.script.python; path = VectorNegation.py; sourceTree = "<group>"; };
		E108D53A211158F7002EB275 /* VectorAdditionFloat.png */ = {isa = PBXFileReference; lastKnownFileType = image.png; path = VectorAdditionFloat.png; sourceTree = "<group>"; };
		E108D53B211158F7002EB275 /* VectorSubtractionDouble.png */ = {isa = PBXFileReference; lastKnownFileType = image.png; path = VectorSubtractionDouble.png; sourceTree = "<group>"; };
		E108D53C211158F7002EB275 /* VectorSubtractionFloat.png */ = {isa = PBXFileReference; lastKnownFileType = image.png; path = VectorSubtractionFloat.png; sourceTree = "<group>"; };
		E108D53D211158F7002EB275 /* VectorAdditionDouble.png */ = {isa = PBXFileReference; lastKnownFileType = image.png; path = VectorAdditionDouble.png; sourceTree = "<group>"; };
		E108D53F211158F7002EB275 /* Vector Benchmarking.numbers */ = {isa = PBXFileReference; lastKnownFileType = file; path = "Vector Benchmarking.numbers"; sourceTree = "<group>"; };
		E108D540211158F7002EB275 /* Matrix Benchmarking.numbers */ = {isa = PBXFileReference; lastKnownFileType = file; path = "Matrix Benchmarking.numbers"; sourceTree = "<group>"; };
		E108D542211158F7002EB275 /* VectorTests.swift */ = {isa = PBXFileReference; lastKnownFileType = sourcecode.swift; path = VectorTests.swift; sourceTree = "<group>"; };
		E108D543211158F7002EB275 /* MatrixTests.swift */ = {isa = PBXFileReference; lastKnownFileType = sourcecode.swift; path = MatrixTests.swift; sourceTree = "<group>"; };
		E108D544211158F7002EB275 /* PermutationMatrixTests.swift */ = {isa = PBXFileReference; lastKnownFileType = sourcecode.swift; path = PermutationMatrixTests.swift; sourceTree = "<group>"; };
		E108D545211158F7002EB275 /* DiagonalMatrixTests.swift */ = {isa = PBXFileReference; lastKnownFileType = sourcecode.swift; path = DiagonalMatrixTests.swift; sourceTree = "<group>"; };
		E175DDEB21115B9D008672C8 /* BasicOperationsTests.swift */ = {isa = PBXFileReference; lastKnownFileType = sourcecode.swift; name = BasicOperationsTests.swift; path = Protocols/BasicOperationsTests.swift; sourceTree = "<group>"; };
		E192290B21112D9200A1A10E /* LICENSE */ = {isa = PBXFileReference; lastKnownFileType = text; path = LICENSE; sourceTree = "<group>"; };
		E192290C21112D9200A1A10E /* README.md */ = {isa = PBXFileReference; lastKnownFileType = net.daringfireball.markdown; path = README.md; sourceTree = "<group>"; };
		E1DFFD832112B97100653D81 /* BigFloatTests.swift */ = {isa = PBXFileReference; lastKnownFileType = sourcecode.swift; path = BigFloatTests.swift; sourceTree = "<group>"; };
		E1DFFD852112B98800653D81 /* BigFracTests.swift */ = {isa = PBXFileReference; lastKnownFileType = sourcecode.swift; path = BigFracTests.swift; sourceTree = "<group>"; };
		E1E59D56211234F500A4F277 /* PowerableTests.swift */ = {isa = PBXFileReference; lastKnownFileType = sourcecode.swift; path = PowerableTests.swift; sourceTree = "<group>"; };
		E1E59D5821123C3B00A4F277 /* ParityTests.swift */ = {isa = PBXFileReference; lastKnownFileType = sourcecode.swift; path = ParityTests.swift; sourceTree = "<group>"; };
		E1EAD7722111682C00815437 /* CastableTests.swift */ = {isa = PBXFileReference; lastKnownFileType = sourcecode.swift; name = CastableTests.swift; path = Protocols/CastableTests.swift; sourceTree = "<group>"; };
		E1EAD77421116DE800815437 /* ConjugatableTests.swift */ = {isa = PBXFileReference; fileEncoding = 4; lastKnownFileType = sourcecode.swift; name = ConjugatableTests.swift; path = Protocols/ConjugatableTests.swift; sourceTree = "<group>"; };
		E1EAD77621116F7400815437 /* FractionTests.swift */ = {isa = PBXFileReference; lastKnownFileType = sourcecode.swift; path = FractionTests.swift; sourceTree = "<group>"; };
/* End PBXFileReference section */

/* Begin PBXFrameworksBuildPhase section */
		98F598471A7B8BD20058DF53 /* Frameworks */ = {
			isa = PBXFrameworksBuildPhase;
			buildActionMask = 2147483647;
			files = (
				98E743AC1C1E00EF00B43898 /* libgmp.a in Frameworks */,
				98E743AF1C1E00EF00B43898 /* libgmpxx.a in Frameworks */,
				98E743AD1C1E00EF00B43898 /* libgmp.dylib in Frameworks */,
				98E743AB1C1E00EF00B43898 /* libgmp.10.dylib in Frameworks */,
				98E743AE1C1E00EF00B43898 /* libgmpxx.4.dylib in Frameworks */,
				98E743B01C1E00EF00B43898 /* libgmpxx.dylib in Frameworks */,
			);
			runOnlyForDeploymentPostprocessing = 0;
		};
		98F598531A7B8BD20058DF53 /* Frameworks */ = {
			isa = PBXFrameworksBuildPhase;
			buildActionMask = 2147483647;
			files = (
				98F598571A7B8BD20058DF53 /* MathEagle.framework in Frameworks */,
			);
			runOnlyForDeploymentPostprocessing = 0;
		};
/* End PBXFrameworksBuildPhase section */

/* Begin PBXGroup section */
		9808C8BD1B13891000D82572 /* Framework Headers */ = {
			isa = PBXGroup;
			children = (
				98F598501A7B8BD20058DF53 /* MathEagle.h */,
			);
			name = "Framework Headers";
			sourceTree = "<group>";
		};
		9837B8521B258F6C00E6EE1B /* Functions */ = {
			isa = PBXGroup;
			children = (
				98F5588C1B1B92C4009AECD5 /* ArrayGenerators.swift */,
				98109D1B1B236568002AD5C0 /* Divisors.swift */,
				98F598691A7B8BED0058DF53 /* Functions.swift */,
				986AF3051C13783E00A186B4 /* NumberProperties.swift */,
				98E671711AA8C02100C88DCE /* Prime.swift */,
				9837B8501B258ED000E6EE1B /* SequenceFunctions.swift */,
			);
			name = Functions;
			sourceTree = "<group>";
		};
		9837B8531B258FA200E6EE1B /* Analysis */ = {
			isa = PBXGroup;
			children = (
				98F5986C1A7B8BED0058DF53 /* Integration.swift */,
				98F5986B1A7B8BED0058DF53 /* Optimization.swift */,
				98F5986A1A7B8BED0058DF53 /* Solver.swift */,
			);
			name = Analysis;
			sourceTree = "<group>";
		};
		988882CD1CDBA77F007B0E19 /* Graphs */ = {
			isa = PBXGroup;
			children = (
				988882CE1CDBA79D007B0E19 /* Graph.swift */,
			);
			name = Graphs;
			sourceTree = "<group>";
		};
		988882D01CDBC9A2007B0E19 /* Graphs */ = {
			isa = PBXGroup;
			children = (
				988882D11CDBC9C6007B0E19 /* GraphTests.swift */,
			);
			name = Graphs;
			sourceTree = "<group>";
		};
		98AB216D1CCA65020005C280 /* Big Float */ = {
			isa = PBXGroup;
			children = (
				98AB216E1CCA65270005C280 /* BigFloat.h */,
				98AB216F1CCA65270005C280 /* BigFloat.m */,
				98AB21721CCAB6D10005C280 /* BigFloat.swift */,
			);
			name = "Big Float";
			sourceTree = "<group>";
		};
		98B546F01B3330CB00360F0D /* Protocols */ = {
			isa = PBXGroup;
			children = (
				98B546F31B33313600360F0D /* BasicOperations.swift */,
				982E014C1B3403750009E6C7 /* Castable.swift */,
				98B546F71B3331E500360F0D /* Conjugatable.swift */,
				98B546F51B33319E00360F0D /* Powerable.swift */,
				98B546EE1B33305D00360F0D /* Random.swift */,
			);
			name = Protocols;
			sourceTree = "<group>";
		};
		98DE55DD1C201B0000DBD3D6 /* GMP */ = {
			isa = PBXGroup;
			children = (
				98DE55DE1C201B7D00DBD3D6 /* BigIntTests.swift */,
				E1DFFD832112B97100653D81 /* BigFloatTests.swift */,
				E1DFFD852112B98800653D81 /* BigFracTests.swift */,
			);
			path = GMP;
			sourceTree = "<group>";
		};
		98E25E431B19DE73008435B7 /* Objective-C Bridgers */ = {
			isa = PBXGroup;
			children = (
				98E25E441B19DE88008435B7 /* Matrix.h */,
				98E25E451B19DE88008435B7 /* Matrix.m */,
				98E25E3F1B19DE6D008435B7 /* Random.h */,
				98E25E401B19DE6D008435B7 /* Random.m */,
			);
			name = "Objective-C Bridgers";
			sourceTree = "<group>";
		};
		98E743971C1E003C00B43898 /* GMP */ = {
			isa = PBXGroup;
			children = (
				98AB216D1CCA65020005C280 /* Big Float */,
				98EE53D91CC2C0AA00A50DDB /* Big Fraction */,
				98E743B51C1E0F1F00B43898 /* Big Int */,
				98E743981C1E004400B43898 /* GMP Source */,
			);
			name = GMP;
			path = Sources/GMP;
			sourceTree = "<group>";
		};
		98E743981C1E004400B43898 /* GMP Source */ = {
			isa = PBXGroup;
			children = (
				98E743B11C1E014100B43898 /* gmp.h */,
				98E743B21C1E014100B43898 /* gmpxx.h */,
				98E743A51C1E00EF00B43898 /* libgmp.10.dylib */,
				98E743A61C1E00EF00B43898 /* libgmp.a */,
				98E743A71C1E00EF00B43898 /* libgmp.dylib */,
				98E743A81C1E00EF00B43898 /* libgmpxx.4.dylib */,
				98E743A91C1E00EF00B43898 /* libgmpxx.a */,
				98E743AA1C1E00EF00B43898 /* libgmpxx.dylib */,
			);
			path = "GMP Source";
			sourceTree = "<group>";
		};
		98E743B51C1E0F1F00B43898 /* Big Int */ = {
			isa = PBXGroup;
			children = (
				98E743B81C1F36E000B43898 /* BigInt.h */,
				98E743B91C1F36E000B43898 /* BigInt.m */,
				98E743B61C1E109600B43898 /* BigInt.swift */,
			);
			path = "Big Int";
			sourceTree = "<group>";
		};
		98EE53D91CC2C0AA00A50DDB /* Big Fraction */ = {
			isa = PBXGroup;
			children = (
				98EE53DA1CC2C11700A50DDB /* BigFrac.h */,
				98EE53DC1CC2C12200A50DDB /* BigFrac.m */,
				98EE53DE1CC2C13200A50DDB /* BigFrac.swift */,
			);
			name = "Big Fraction";
			sourceTree = "<group>";
		};
		98F558851B1AFBCA009AECD5 /* Permutation */ = {
			isa = PBXGroup;
			children = (
				98F558831B1AFBC2009AECD5 /* Cycle.swift */,
				981ED68C1B164B7600B190FA /* Permutation.swift */,
			);
			name = Permutation;
			sourceTree = "<group>";
		};
		98F558861B1AFBDC009AECD5 /* Matrix */ = {
			isa = PBXGroup;
			children = (
				9808C8C31B149B0100D82572 /* DiagonalMatrix.swift */,
				98F5986D1A7B8BED0058DF53 /* Matrix.swift */,
				981ED6891B16496000B190FA /* PermutationMatrix.swift */,
			);
			name = Matrix;
			sourceTree = "<group>";
		};
		98F558891B1B10C0009AECD5 /* Permutation */ = {
			isa = PBXGroup;
			children = (
				98F558871B1B10B8009AECD5 /* CycleTest.swift */,
				989729421B18B0550046D951 /* PermutationTest.swift */,
			);
			name = Permutation;
			sourceTree = "<group>";
		};
		98F598411A7B8BD20058DF53 = {
			isa = PBXGroup;
			children = (
				E192290B21112D9200A1A10E /* LICENSE */,
				E192290C21112D9200A1A10E /* README.md */,
				98F5984D1A7B8BD20058DF53 /* MathEagle */,
				98F5985A1A7B8BD20058DF53 /* MathEagleTests */,
				98F5984C1A7B8BD20058DF53 /* Products */,
			);
			sourceTree = "<group>";
		};
		98F5984C1A7B8BD20058DF53 /* Products */ = {
			isa = PBXGroup;
			children = (
				98F5984B1A7B8BD20058DF53 /* MathEagle.framework */,
				98F598561A7B8BD20058DF53 /* MathEagleTests.xctest */,
			);
			name = Products;
			sourceTree = "<group>";
		};
		98F5984D1A7B8BD20058DF53 /* MathEagle */ = {
			isa = PBXGroup;
			children = (
				9837B8531B258FA200E6EE1B /* Analysis */,
				98E671761AA8F00600C88DCE /* Complex.swift */,
				98B546F11B3330EA00360F0D /* Constants.swift */,
				98F598681A7B8BED0058DF53 /* Extensions.swift */,
				98AB21041CC814780005C280 /* Fraction.swift */,
				9808C8BD1B13891000D82572 /* Framework Headers */,
				9837B8521B258F6C00E6EE1B /* Functions */,
				98E743971C1E003C00B43898 /* GMP */,
				988882CD1CDBA77F007B0E19 /* Graphs */,
				98F598821A7B8BFB0058DF53 /* Linear Algebra */,
				98F598671A7B8BED0058DF53 /* Math.swift */,
				98E25E431B19DE73008435B7 /* Objective-C Bridgers */,
				9885B2C31B1C47600028FC9A /* Parity.swift */,
				98F558851B1AFBCA009AECD5 /* Permutation */,
				98B546F01B3330CB00360F0D /* Protocols */,
				98F5984E1A7B8BD20058DF53 /* Supporting Files */,
			);
			path = MathEagle;
			sourceTree = "<group>";
		};
		98F5984E1A7B8BD20058DF53 /* Supporting Files */ = {
			isa = PBXGroup;
			children = (
				98F5984F1A7B8BD20058DF53 /* Info.plist */,
			);
			name = "Supporting Files";
			sourceTree = "<group>";
		};
		98F5985A1A7B8BD20058DF53 /* MathEagleTests */ = {
			isa = PBXGroup;
			children = (
				E1D0CC0B2113C486009C3C51 /* Analysis */,
				98E671791AA99AB500C88DCE /* ComplexTests.swift */,
				98F598851A7B8C2A0058DF53 /* ExtensionsTests.swift */,
				E1EAD77621116F7400815437 /* FractionTests.swift */,
				E1D0CC0A2113C42F009C3C51 /* Functions */,
				98DE55DD1C201B0000DBD3D6 /* GMP */,
				988882D01CDBC9A2007B0E19 /* Graphs */,
				98F5988C1A7B8C2A0058DF53 /* Helper.swift */,
				E108D547211158F7002EB275 /* Linear Algebra */,
				98F598841A7B8C2A0058DF53 /* MathTests.swift */,
				E1E59D5821123C3B00A4F277 /* ParityTests.swift */,
				98F558891B1B10C0009AECD5 /* Permutation */,
				E175DDEA21115B16008672C8 /* Protocols */,
				98F5985B1A7B8BD20058DF53 /* Supporting Files */,
			);
			path = MathEagleTests;
			sourceTree = "<group>";
		};
		98F5985B1A7B8BD20058DF53 /* Supporting Files */ = {
			isa = PBXGroup;
			children = (
				98F5985C1A7B8BD20058DF53 /* Info.plist */,
			);
			name = "Supporting Files";
			sourceTree = "<group>";
		};
		98F598821A7B8BFB0058DF53 /* Linear Algebra */ = {
			isa = PBXGroup;
			children = (
				9808C8C61B1502BD00D82572 /* Dimensions.swift */,
				98F558861B1AFBDC009AECD5 /* Matrix */,
				98F5986E1A7B8BED0058DF53 /* MatrixVector.swift */,
				98F5986F1A7B8BED0058DF53 /* Vector.swift */,
			);
			name = "Linear Algebra";
			sourceTree = "<group>";
		};
		E108D539211158F7002EB275 /* Numpy Times */ = {
			isa = PBXGroup;
			children = (
				E108D535211158F7002EB275 /* VectorAddition.py */,
				E108D536211158F7002EB275 /* VectorScalarMultiplication.py */,
				E108D537211158F7002EB275 /* VectorSubtraction.py */,
				E108D538211158F7002EB275 /* VectorNegation.py */,
			);
			path = "Numpy Times";
			sourceTree = "<group>";
		};
		E108D53E211158F7002EB275 /* Plot Images */ = {
			isa = PBXGroup;
			children = (
				E108D53A211158F7002EB275 /* VectorAdditionFloat.png */,
				E108D53B211158F7002EB275 /* VectorSubtractionDouble.png */,
				E108D53C211158F7002EB275 /* VectorSubtractionFloat.png */,
				E108D53D211158F7002EB275 /* VectorAdditionDouble.png */,
			);
			path = "Plot Images";
			sourceTree = "<group>";
		};
		E108D541211158F7002EB275 /* Benchmarking Files */ = {
			isa = PBXGroup;
			children = (
				E108D53E211158F7002EB275 /* Plot Images */,
				E108D53F211158F7002EB275 /* Vector Benchmarking.numbers */,
				E108D540211158F7002EB275 /* Matrix Benchmarking.numbers */,
			);
			path = "Benchmarking Files";
			sourceTree = "<group>";
		};
		E108D546211158F7002EB275 /* Matrix */ = {
			isa = PBXGroup;
			children = (
				E108D545211158F7002EB275 /* DiagonalMatrixTests.swift */,
				E108D543211158F7002EB275 /* MatrixTests.swift */,
				E108D544211158F7002EB275 /* PermutationMatrixTests.swift */,
			);
			path = Matrix;
			sourceTree = "<group>";
		};
		E108D547211158F7002EB275 /* Linear Algebra */ = {
			isa = PBXGroup;
			children = (
				E108D534211158F7002EB275 /* MatrixVectorTests.swift */,
				E108D539211158F7002EB275 /* Numpy Times */,
				E108D541211158F7002EB275 /* Benchmarking Files */,
				E108D542211158F7002EB275 /* VectorTests.swift */,
				E108D546211158F7002EB275 /* Matrix */,
			);
			name = "Linear Algebra";
			path = "/Users/kellyroach/Fork/rugheid/Swift-MathEagle/MathEagleTests/Linear Algebra";
			sourceTree = "<absolute>";
		};
		E175DDEA21115B16008672C8 /* Protocols */ = {
			isa = PBXGroup;
			children = (
				E175DDEB21115B9D008672C8 /* BasicOperationsTests.swift */,
				E1EAD7722111682C00815437 /* CastableTests.swift */,
				E1EAD77421116DE800815437 /* ConjugatableTests.swift */,
				E1E59D56211234F500A4F277 /* PowerableTests.swift */,
				9843568E1ACC79F100B988CB /* RandomTests.swift */,
			);
			name = Protocols;
			sourceTree = "<group>";
		};
		E1D0CC0A2113C42F009C3C51 /* Functions */ = {
			isa = PBXGroup;
			children = (
				98F5588E1B1B94AE009AECD5 /* ArrayGeneratorsTests.swift */,
				98109D1D1B23818E002AD5C0 /* DivisorsTests.swift */,
				98F598861A7B8C2A0058DF53 /* FunctionsTests.swift */,
				986AF3071C13858E00A186B4 /* NumberPropertiesTests.swift */,
				98E671741AA8C4B400C88DCE /* PrimeTests.swift */,
				98B927451B277F70006C4C73 /* SequenceFunctionsTests.swift */,
			);
			name = Functions;
			sourceTree = "<group>";
		};
		E1D0CC0B2113C486009C3C51 /* Analysis */ = {
			isa = PBXGroup;
			children = (
				98F598891A7B8C2A0058DF53 /* IntegrationTests.swift */,
				98F598881A7B8C2A0058DF53 /* OptimizationTests.swift */,
				98F598871A7B8C2A0058DF53 /* SolverTests.swift */,
			);
			name = Analysis;
			sourceTree = "<group>";
		};
/* End PBXGroup section */

/* Begin PBXHeadersBuildPhase section */
		98F598481A7B8BD20058DF53 /* Headers */ = {
			isa = PBXHeadersBuildPhase;
			buildActionMask = 2147483647;
			files = (
				98F598511A7B8BD20058DF53 /* MathEagle.h in Headers */,
				98EE53DB1CC2C11700A50DDB /* BigFrac.h in Headers */,
				98AB21701CCA65270005C280 /* BigFloat.h in Headers */,
				98E743BA1C1F36E000B43898 /* BigInt.h in Headers */,
				98E25E461B19DE88008435B7 /* Matrix.h in Headers */,
				98E743B41C1E014100B43898 /* gmpxx.h in Headers */,
				98E25E411B19DE6D008435B7 /* Random.h in Headers */,
				98E743B31C1E014100B43898 /* gmp.h in Headers */,
			);
			runOnlyForDeploymentPostprocessing = 0;
		};
/* End PBXHeadersBuildPhase section */

/* Begin PBXNativeTarget section */
		98F5984A1A7B8BD20058DF53 /* MathEagle */ = {
			isa = PBXNativeTarget;
			buildConfigurationList = 98F598611A7B8BD20058DF53 /* Build configuration list for PBXNativeTarget "MathEagle" */;
			buildPhases = (
				98F598461A7B8BD20058DF53 /* Sources */,
				98F598471A7B8BD20058DF53 /* Frameworks */,
				98F598481A7B8BD20058DF53 /* Headers */,
				98F598491A7B8BD20058DF53 /* Resources */,
			);
			buildRules = (
			);
			dependencies = (
			);
			name = MathEagle;
			productName = MathEagle;
			productReference = 98F5984B1A7B8BD20058DF53 /* MathEagle.framework */;
			productType = "com.apple.product-type.framework";
		};
		98F598551A7B8BD20058DF53 /* MathEagleTests */ = {
			isa = PBXNativeTarget;
			buildConfigurationList = 98F598641A7B8BD20058DF53 /* Build configuration list for PBXNativeTarget "MathEagleTests" */;
			buildPhases = (
				98F598521A7B8BD20058DF53 /* Sources */,
				98F598531A7B8BD20058DF53 /* Frameworks */,
				98F598541A7B8BD20058DF53 /* Resources */,
			);
			buildRules = (
			);
			dependencies = (
				98F598591A7B8BD20058DF53 /* PBXTargetDependency */,
			);
			name = MathEagleTests;
			productName = MathEagleTests;
			productReference = 98F598561A7B8BD20058DF53 /* MathEagleTests.xctest */;
			productType = "com.apple.product-type.bundle.unit-test";
		};
/* End PBXNativeTarget section */

/* Begin PBXProject section */
		98F598421A7B8BD20058DF53 /* Project object */ = {
			isa = PBXProject;
			attributes = {
				LastSwiftUpdateCheck = 0700;
				LastUpgradeCheck = 0940;
				ORGANIZATIONNAME = "Jorestha Solutions";
				TargetAttributes = {
					98F5984A1A7B8BD20058DF53 = {
						CreatedOnToolsVersion = 6.1.1;
						LastSwiftMigration = 0940;
					};
					98F598551A7B8BD20058DF53 = {
						CreatedOnToolsVersion = 6.1.1;
						LastSwiftMigration = 0940;
					};
				};
			};
			buildConfigurationList = 98F598451A7B8BD20058DF53 /* Build configuration list for PBXProject "MathEagle" */;
			compatibilityVersion = "Xcode 3.2";
			developmentRegion = English;
			hasScannedForEncodings = 0;
			knownRegions = (
				en,
			);
			mainGroup = 98F598411A7B8BD20058DF53;
			productRefGroup = 98F5984C1A7B8BD20058DF53 /* Products */;
			projectDirPath = "";
			projectRoot = "";
			targets = (
				98F5984A1A7B8BD20058DF53 /* MathEagle */,
				98F598551A7B8BD20058DF53 /* MathEagleTests */,
			);
		};
/* End PBXProject section */

/* Begin PBXResourcesBuildPhase section */
		98F598491A7B8BD20058DF53 /* Resources */ = {
			isa = PBXResourcesBuildPhase;
			buildActionMask = 2147483647;
			files = (
			);
			runOnlyForDeploymentPostprocessing = 0;
		};
		98F598541A7B8BD20058DF53 /* Resources */ = {
			isa = PBXResourcesBuildPhase;
			buildActionMask = 2147483647;
			files = (
			);
			runOnlyForDeploymentPostprocessing = 0;
		};
/* End PBXResourcesBuildPhase section */

/* Begin PBXSourcesBuildPhase section */
		98F598461A7B8BD20058DF53 /* Sources */ = {
			isa = PBXSourcesBuildPhase;
			buildActionMask = 2147483647;
			files = (
				98E25E471B19DE88008435B7 /* Matrix.m in Sources */,
				98F5987C1A7B8BED0058DF53 /* Matrix.swift in Sources */,
				98F598701A7B8BED0058DF53 /* Math.swift in Sources */,
				98F598721A7B8BED0058DF53 /* Extensions.swift in Sources */,
				98F5987A1A7B8BED0058DF53 /* Integration.swift in Sources */,
				98109D1C1B236568002AD5C0 /* Divisors.swift in Sources */,
				98E25E421B19DE6D008435B7 /* Random.m in Sources */,
				98B546F41B33313600360F0D /* BasicOperations.swift in Sources */,
				9808C8C41B149B0100D82572 /* DiagonalMatrix.swift in Sources */,
				98F5588D1B1B92C4009AECD5 /* ArrayGenerators.swift in Sources */,
				98E743BB1C1F36E000B43898 /* BigInt.m in Sources */,
				98E743B71C1E109600B43898 /* BigInt.swift in Sources */,
				9885B2C41B1C47600028FC9A /* Parity.swift in Sources */,
				98AB21051CC814780005C280 /* Fraction.swift in Sources */,
				98F598781A7B8BED0058DF53 /* Optimization.swift in Sources */,
				98F5987E1A7B8BED0058DF53 /* MatrixVector.swift in Sources */,
				98B546F61B33319E00360F0D /* Powerable.swift in Sources */,
				98AB21711CCA65270005C280 /* BigFloat.m in Sources */,
				98F598761A7B8BED0058DF53 /* Solver.swift in Sources */,
				98E671721AA8C02100C88DCE /* Prime.swift in Sources */,
				98EE53DD1CC2C12200A50DDB /* BigFrac.m in Sources */,
				98AB21731CCAB6D10005C280 /* BigFloat.swift in Sources */,
				98EE53E01CC2C68D00A50DDB /* BigFrac.swift in Sources */,
				982E014D1B3403750009E6C7 /* Castable.swift in Sources */,
				98B546F81B3331E500360F0D /* Conjugatable.swift in Sources */,
				9808C8C71B1502BD00D82572 /* Dimensions.swift in Sources */,
				98E671771AA8F00600C88DCE /* Complex.swift in Sources */,
				986AF3061C13783E00A186B4 /* NumberProperties.swift in Sources */,
				98F598801A7B8BED0058DF53 /* Vector.swift in Sources */,
				98F558841B1AFBC2009AECD5 /* Cycle.swift in Sources */,
				988882CF1CDBA79D007B0E19 /* Graph.swift in Sources */,
				98F598741A7B8BED0058DF53 /* Functions.swift in Sources */,
				981ED68D1B164B7600B190FA /* Permutation.swift in Sources */,
				98B546EF1B33305D00360F0D /* Random.swift in Sources */,
				9837B8511B258ED000E6EE1B /* SequenceFunctions.swift in Sources */,
				981ED68A1B16496000B190FA /* PermutationMatrix.swift in Sources */,
				98B546F21B3330EA00360F0D /* Constants.swift in Sources */,
			);
			runOnlyForDeploymentPostprocessing = 0;
		};
		98F598521A7B8BD20058DF53 /* Sources */ = {
			isa = PBXSourcesBuildPhase;
			buildActionMask = 2147483647;
			files = (
				98F598901A7B8C2A0058DF53 /* MathTests.swift in Sources */,
				98F598941A7B8C2A0058DF53 /* FunctionsTests.swift in Sources */,
				98F558881B1B10B8009AECD5 /* CycleTest.swift in Sources */,
				98E671751AA8C4B400C88DCE /* PrimeTests.swift in Sources */,
				989729431B18B0550046D951 /* PermutationTest.swift in Sources */,
				9843568F1ACC79F100B988CB /* RandomTests.swift in Sources */,
				E1EAD77521116DE800815437 /* ConjugatableTests.swift in Sources */,
				E175DDEC21115B9D008672C8 /* BasicOperationsTests.swift in Sources */,
				988882D21CDBC9C6007B0E19 /* GraphTests.swift in Sources */,
				98DE55DF1C201B7D00DBD3D6 /* BigIntTests.swift in Sources */,
				98F598A01A7B8C2A0058DF53 /* Helper.swift in Sources */,
				E108D54B2111591D002EB275 /* PermutationMatrixTests.swift in Sources */,
				E108D54C21115920002EB275 /* DiagonalMatrixTests.swift in Sources */,
				98F5989A1A7B8C2A0058DF53 /* IntegrationTests.swift in Sources */,
				98F598981A7B8C2A0058DF53 /* OptimizationTests.swift in Sources */,
				E108D5482111590D002EB275 /* MatrixVectorTests.swift in Sources */,
				98B927461B277F70006C4C73 /* SequenceFunctionsTests.swift in Sources */,
				E1EAD77721116F7400815437 /* FractionTests.swift in Sources */,
				98F598921A7B8C2A0058DF53 /* ExtensionsTests.swift in Sources */,
				E1E59D57211234F500A4F277 /* PowerableTests.swift in Sources */,
				E108D54921115915002EB275 /* VectorTests.swift in Sources */,
				E1DFFD842112B97100653D81 /* BigFloatTests.swift in Sources */,
				E1E59D5921123C3B00A4F277 /* ParityTests.swift in Sources */,
				E1DFFD862112B98800653D81 /* BigFracTests.swift in Sources */,
				E108D54A21115919002EB275 /* MatrixTests.swift in Sources */,
				98F598961A7B8C2A0058DF53 /* SolverTests.swift in Sources */,
				E1EAD7732111682C00815437 /* CastableTests.swift in Sources */,
				986AF3081C13858E00A186B4 /* NumberPropertiesTests.swift in Sources */,
				98F5588F1B1B94AE009AECD5 /* ArrayGeneratorsTests.swift in Sources */,
				98E6717A1AA99AB500C88DCE /* ComplexTests.swift in Sources */,
				98109D1E1B23818E002AD5C0 /* DivisorsTests.swift in Sources */,
			);
			runOnlyForDeploymentPostprocessing = 0;
		};
/* End PBXSourcesBuildPhase section */

/* Begin PBXTargetDependency section */
		98F598591A7B8BD20058DF53 /* PBXTargetDependency */ = {
			isa = PBXTargetDependency;
			target = 98F5984A1A7B8BD20058DF53 /* MathEagle */;
			targetProxy = 98F598581A7B8BD20058DF53 /* PBXContainerItemProxy */;
		};
/* End PBXTargetDependency section */

/* Begin XCBuildConfiguration section */
		98F5985F1A7B8BD20058DF53 /* Debug */ = {
			isa = XCBuildConfiguration;
			buildSettings = {
				ALWAYS_SEARCH_USER_PATHS = NO;
				CLANG_CXX_LANGUAGE_STANDARD = "gnu++0x";
				CLANG_CXX_LIBRARY = "libc++";
				CLANG_ENABLE_MODULES = YES;
				CLANG_ENABLE_OBJC_ARC = YES;
				CLANG_WARN_BLOCK_CAPTURE_AUTORELEASING = YES;
				CLANG_WARN_BOOL_CONVERSION = YES;
				CLANG_WARN_COMMA = YES;
				CLANG_WARN_CONSTANT_CONVERSION = YES;
				CLANG_WARN_DEPRECATED_OBJC_IMPLEMENTATIONS = YES;
				CLANG_WARN_DIRECT_OBJC_ISA_USAGE = YES_ERROR;
				CLANG_WARN_EMPTY_BODY = YES;
				CLANG_WARN_ENUM_CONVERSION = YES;
				CLANG_WARN_INFINITE_RECURSION = YES;
				CLANG_WARN_INT_CONVERSION = YES;
				CLANG_WARN_NON_LITERAL_NULL_CONVERSION = YES;
				CLANG_WARN_OBJC_IMPLICIT_RETAIN_SELF = YES;
				CLANG_WARN_OBJC_LITERAL_CONVERSION = YES;
				CLANG_WARN_OBJC_ROOT_CLASS = YES_ERROR;
				CLANG_WARN_RANGE_LOOP_ANALYSIS = YES;
				CLANG_WARN_STRICT_PROTOTYPES = YES;
				CLANG_WARN_SUSPICIOUS_MOVE = YES;
				CLANG_WARN_UNREACHABLE_CODE = YES;
				CLANG_WARN__DUPLICATE_METHOD_MATCH = YES;
				COPY_PHASE_STRIP = NO;
				CURRENT_PROJECT_VERSION = 1;
				ENABLE_STRICT_OBJC_MSGSEND = YES;
				ENABLE_TESTABILITY = YES;
				GCC_C_LANGUAGE_STANDARD = gnu99;
				GCC_DYNAMIC_NO_PIC = NO;
				GCC_NO_COMMON_BLOCKS = YES;
				GCC_OPTIMIZATION_LEVEL = 0;
				GCC_PREPROCESSOR_DEFINITIONS = (
					"DEBUG=1",
					"$(inherited)",
				);
				GCC_SYMBOLS_PRIVATE_EXTERN = NO;
				GCC_WARN_64_TO_32_BIT_CONVERSION = YES;
				GCC_WARN_ABOUT_RETURN_TYPE = YES_ERROR;
				GCC_WARN_UNDECLARED_SELECTOR = YES;
				GCC_WARN_UNINITIALIZED_AUTOS = YES_AGGRESSIVE;
				GCC_WARN_UNUSED_FUNCTION = YES;
				GCC_WARN_UNUSED_VARIABLE = YES;
				MACOSX_DEPLOYMENT_TARGET = 10.10;
				MTL_ENABLE_DEBUG_INFO = YES;
				ONLY_ACTIVE_ARCH = YES;
				SDKROOT = macosx;
				SWIFT_OPTIMIZATION_LEVEL = "-Onone";
				VERSIONING_SYSTEM = "apple-generic";
				VERSION_INFO_PREFIX = "";
			};
			name = Debug;
		};
		98F598601A7B8BD20058DF53 /* Release */ = {
			isa = XCBuildConfiguration;
			buildSettings = {
				ALWAYS_SEARCH_USER_PATHS = NO;
				CLANG_CXX_LANGUAGE_STANDARD = "gnu++0x";
				CLANG_CXX_LIBRARY = "libc++";
				CLANG_ENABLE_MODULES = YES;
				CLANG_ENABLE_OBJC_ARC = YES;
				CLANG_WARN_BLOCK_CAPTURE_AUTORELEASING = YES;
				CLANG_WARN_BOOL_CONVERSION = YES;
				CLANG_WARN_COMMA = YES;
				CLANG_WARN_CONSTANT_CONVERSION = YES;
				CLANG_WARN_DEPRECATED_OBJC_IMPLEMENTATIONS = YES;
				CLANG_WARN_DIRECT_OBJC_ISA_USAGE = YES_ERROR;
				CLANG_WARN_EMPTY_BODY = YES;
				CLANG_WARN_ENUM_CONVERSION = YES;
				CLANG_WARN_INFINITE_RECURSION = YES;
				CLANG_WARN_INT_CONVERSION = YES;
				CLANG_WARN_NON_LITERAL_NULL_CONVERSION = YES;
				CLANG_WARN_OBJC_IMPLICIT_RETAIN_SELF = YES;
				CLANG_WARN_OBJC_LITERAL_CONVERSION = YES;
				CLANG_WARN_OBJC_ROOT_CLASS = YES_ERROR;
				CLANG_WARN_RANGE_LOOP_ANALYSIS = YES;
				CLANG_WARN_STRICT_PROTOTYPES = YES;
				CLANG_WARN_SUSPICIOUS_MOVE = YES;
				CLANG_WARN_UNREACHABLE_CODE = YES;
				CLANG_WARN__DUPLICATE_METHOD_MATCH = YES;
				COPY_PHASE_STRIP = YES;
				CURRENT_PROJECT_VERSION = 1;
				DEBUG_INFORMATION_FORMAT = "dwarf-with-dsym";
				ENABLE_NS_ASSERTIONS = NO;
				ENABLE_STRICT_OBJC_MSGSEND = YES;
				GCC_C_LANGUAGE_STANDARD = gnu99;
				GCC_NO_COMMON_BLOCKS = YES;
				GCC_WARN_64_TO_32_BIT_CONVERSION = YES;
				GCC_WARN_ABOUT_RETURN_TYPE = YES_ERROR;
				GCC_WARN_UNDECLARED_SELECTOR = YES;
				GCC_WARN_UNINITIALIZED_AUTOS = YES_AGGRESSIVE;
				GCC_WARN_UNUSED_FUNCTION = YES;
				GCC_WARN_UNUSED_VARIABLE = YES;
				MACOSX_DEPLOYMENT_TARGET = 10.10;
				MTL_ENABLE_DEBUG_INFO = NO;
				SDKROOT = macosx;
				SWIFT_OPTIMIZATION_LEVEL = "-Owholemodule";
				VERSIONING_SYSTEM = "apple-generic";
				VERSION_INFO_PREFIX = "";
			};
			name = Release;
		};
		98F598621A7B8BD20058DF53 /* Debug */ = {
			isa = XCBuildConfiguration;
			buildSettings = {
				CLANG_ENABLE_MODULES = YES;
				COMBINE_HIDPI_IMAGES = YES;
				DEFINES_MODULE = YES;
				DYLIB_COMPATIBILITY_VERSION = 1;
				DYLIB_CURRENT_VERSION = 1;
				DYLIB_INSTALL_NAME_BASE = "@rpath";
				FRAMEWORK_VERSION = A;
				GCC_OPTIMIZATION_LEVEL = 0;
				INFOPLIST_FILE = MathEagle/Info.plist;
				INSTALL_PATH = "$(LOCAL_LIBRARY_DIR)/Frameworks";
				LD_RUNPATH_SEARCH_PATHS = "$(inherited) @executable_path/../Frameworks @loader_path/Frameworks";
				LIBRARY_SEARCH_PATHS = (
					"$(inherited)",
					"$(PROJECT_DIR)/MathEagle/Sources/GMP/GMP\\ Source",
				);
				MODULEMAP_PRIVATE_FILE = "";
				OTHER_LDFLAGS = "$(inherited)";
				PRODUCT_BUNDLE_IDENTIFIER = "com.jorestha.$(PRODUCT_NAME:rfc1034identifier)";
				PRODUCT_NAME = "$(TARGET_NAME)";
				SKIP_INSTALL = YES;
				SWIFT_INCLUDE_PATHS = "";
				SWIFT_OBJC_BRIDGING_HEADER = "";
				SWIFT_OPTIMIZATION_LEVEL = "-Onone";
				SWIFT_VERSION = 4.0;
			};
			name = Debug;
		};
		98F598631A7B8BD20058DF53 /* Release */ = {
			isa = XCBuildConfiguration;
			buildSettings = {
				CLANG_ENABLE_MODULES = YES;
				COMBINE_HIDPI_IMAGES = YES;
				DEFINES_MODULE = YES;
				DYLIB_COMPATIBILITY_VERSION = 1;
				DYLIB_CURRENT_VERSION = 1;
				DYLIB_INSTALL_NAME_BASE = "@rpath";
				FRAMEWORK_VERSION = A;
				INFOPLIST_FILE = MathEagle/Info.plist;
				INSTALL_PATH = "$(LOCAL_LIBRARY_DIR)/Frameworks";
				LD_RUNPATH_SEARCH_PATHS = "$(inherited) @executable_path/../Frameworks @loader_path/Frameworks";
				LIBRARY_SEARCH_PATHS = (
					"$(inherited)",
					"$(PROJECT_DIR)/MathEagle/Sources/GMP/GMP\\ Source",
				);
				MODULEMAP_PRIVATE_FILE = "";
				OTHER_LDFLAGS = "$(inherited)";
				PRODUCT_BUNDLE_IDENTIFIER = "com.jorestha.$(PRODUCT_NAME:rfc1034identifier)";
				PRODUCT_NAME = "$(TARGET_NAME)";
				SKIP_INSTALL = YES;
				SWIFT_INCLUDE_PATHS = "";
				SWIFT_OBJC_BRIDGING_HEADER = "";
				SWIFT_VERSION = 4.0;
			};
			name = Release;
		};
		98F598651A7B8BD20058DF53 /* Debug */ = {
			isa = XCBuildConfiguration;
			buildSettings = {
				COMBINE_HIDPI_IMAGES = YES;
				FRAMEWORK_SEARCH_PATHS = (
					"$(DEVELOPER_FRAMEWORKS_DIR)",
					"$(inherited)",
				);
				GCC_PREPROCESSOR_DEFINITIONS = (
					"DEBUG=1",
					"$(inherited)",
				);
				INFOPLIST_FILE = MathEagleTests/Info.plist;
				LD_RUNPATH_SEARCH_PATHS = "$(inherited) @executable_path/../Frameworks @loader_path/../Frameworks";
				PRODUCT_BUNDLE_IDENTIFIER = "com.jorestha.$(PRODUCT_NAME:rfc1034identifier)";
				PRODUCT_NAME = "$(TARGET_NAME)";
				SWIFT_VERSION = 4.0;
			};
			name = Debug;
		};
		98F598661A7B8BD20058DF53 /* Release */ = {
			isa = XCBuildConfiguration;
			buildSettings = {
				COMBINE_HIDPI_IMAGES = YES;
				FRAMEWORK_SEARCH_PATHS = (
					"$(DEVELOPER_FRAMEWORKS_DIR)",
					"$(inherited)",
				);
				INFOPLIST_FILE = MathEagleTests/Info.plist;
				LD_RUNPATH_SEARCH_PATHS = "$(inherited) @executable_path/../Frameworks @loader_path/../Frameworks";
				PRODUCT_BUNDLE_IDENTIFIER = "com.jorestha.$(PRODUCT_NAME:rfc1034identifier)";
				PRODUCT_NAME = "$(TARGET_NAME)";
				SWIFT_VERSION = 4.0;
			};
			name = Release;
		};
/* End XCBuildConfiguration section */

/* Begin XCConfigurationList section */
		98F598451A7B8BD20058DF53 /* Build configuration list for PBXProject "MathEagle" */ = {
			isa = XCConfigurationList;
			buildConfigurations = (
				98F5985F1A7B8BD20058DF53 /* Debug */,
				98F598601A7B8BD20058DF53 /* Release */,
			);
			defaultConfigurationIsVisible = 0;
			defaultConfigurationName = Release;
		};
		98F598611A7B8BD20058DF53 /* Build configuration list for PBXNativeTarget "MathEagle" */ = {
			isa = XCConfigurationList;
			buildConfigurations = (
				98F598621A7B8BD20058DF53 /* Debug */,
				98F598631A7B8BD20058DF53 /* Release */,
			);
			defaultConfigurationIsVisible = 0;
			defaultConfigurationName = Release;
		};
		98F598641A7B8BD20058DF53 /* Build configuration list for PBXNativeTarget "MathEagleTests" */ = {
			isa = XCConfigurationList;
			buildConfigurations = (
				98F598651A7B8BD20058DF53 /* Debug */,
				98F598661A7B8BD20058DF53 /* Release */,
			);
			defaultConfigurationIsVisible = 0;
			defaultConfigurationName = Release;
		};
/* End XCConfigurationList section */
	};
	rootObject = 98F598421A7B8BD20058DF53 /* Project object */;
}
